PODS:
  - AppAuth (1.7.5):
    - AppAuth/Core (= 1.7.5)
    - AppAuth/ExternalUserAgent (= 1.7.5)
  - AppAuth/Core (1.7.5)
  - AppAuth/ExternalUserAgent (1.7.5):
    - AppAuth/Core
  - boost (1.83.0)
  - DoubleConversion (1.1.6)
  - FBLazyVector (0.73.30)
  - fmt (9.1.0)
  - glog (0.3.5)
  - GoogleSignIn (7.1.0):
    - AppAuth (< 2.0, >= 1.7.3)
    - GTMAppAuth (< 5.0, >= 4.1.1)
    - GTMSessionFetcher/Core (~> 3.3)
  - GTMAppAuth (4.1.1):
    - AppAuth/Core (~> 1.7)
    - GTMSessionFetcher/Core (< 4.0, >= 3.3)
  - GTMSessionFetcher/Core (3.4.1)
  - hermes-engine (0.73.8):
    - hermes-engine/Pre-built (= 0.73.8)
  - hermes-engine/Pre-built (0.73.8)
  - libevent (2.1.12)
  - RCT-Folly (2022.05.16.00):
    - boost
    - DoubleConversion
    - fmt (= 9.1.0)
    - glog
    - RCT-Folly/Default (= 2022.05.16.00)
  - RCT-Folly/Default (2022.05.16.00):
    - boost
    - DoubleConversion
    - fmt (= 9.1.0)
    - glog
  - RCT-Folly/Fabric (2022.05.16.00):
    - boost
    - DoubleConversion
    - fmt (= 9.1.0)
    - glog
  - RCT-Folly/Futures (2022.05.16.00):
    - boost
    - DoubleConversion
    - fmt (= 9.1.0)
    - glog
    - libevent
  - RCTRequired (0.73.30)
  - RCTTypeSafety (0.73.30):
    - FBLazyVector (= 0.73.30)
    - RCTRequired (= 0.73.30)
    - React-Core (= 0.73.30)
  - React (0.73.30):
    - React-Core (= 0.73.30)
    - React-Core/DevSupport (= 0.73.30)
    - React-Core/RCTWebSocket (= 0.73.30)
    - React-RCTActionSheet (= 0.73.30)
    - React-RCTAnimation (= 0.73.30)
    - React-RCTBlob (= 0.73.30)
    - React-RCTImage (= 0.73.30)
    - React-RCTLinking (= 0.73.30)
    - React-RCTNetwork (= 0.73.30)
    - React-RCTSettings (= 0.73.30)
    - React-RCTText (= 0.73.30)
    - React-RCTVibration (= 0.73.30)
  - React-callinvoker (0.73.30)
  - React-Codegen (0.73.30):
    - DoubleConversion
    - glog
    - hermes-engine
    - RCT-Folly
    - RCTRequired
    - RCTTypeSafety
    - React-Core
    - React-debug
    - React-Fabric
    - React-FabricImage
    - React-graphics
    - React-jsi
    - React-jsiexecutor
    - React-NativeModulesApple
    - React-rendererdebug
    - React-utils
    - ReactCommon/turbomodule/bridging
    - ReactCommon/turbomodule/core
  - React-Core (0.73.30):
    - glog
    - hermes-engine
    - RCT-Folly (= 2022.05.16.00)
    - React-Core/Default (= 0.73.30)
    - React-cxxreact
    - React-hermes
    - React-jsi
    - React-jsiexecutor
    - React-perflogger
    - React-runtimescheduler
    - React-utils
    - SocketRocket (= 0.7.0)
    - Yoga
  - React-Core/CoreModulesHeaders (0.73.30):
    - glog
    - hermes-engine
    - RCT-Folly (= 2022.05.16.00)
    - React-Core/Default
    - React-cxxreact
    - React-hermes
    - React-jsi
    - React-jsiexecutor
    - React-perflogger
    - React-runtimescheduler
    - React-utils
    - SocketRocket (= 0.7.0)
    - Yoga
  - React-Core/Default (0.73.30):
    - glog
    - hermes-engine
    - RCT-Folly (= 2022.05.16.00)
    - React-cxxreact
    - React-hermes
    - React-jsi
    - React-jsiexecutor
    - React-perflogger
    - React-runtimescheduler
    - React-utils
    - SocketRocket (= 0.7.0)
    - Yoga
  - React-Core/DevSupport (0.73.30):
    - glog
    - hermes-engine
    - RCT-Folly (= 2022.05.16.00)
    - React-Core/Default (= 0.73.30)
    - React-Core/RCTWebSocket (= 0.73.30)
    - React-cxxreact
    - React-hermes
    - React-jsi
    - React-jsiexecutor
    - React-jsinspector (= 0.73.30)
    - React-perflogger
    - React-runtimescheduler
    - React-utils
    - SocketRocket (= 0.7.0)
    - Yoga
  - React-Core/RCTActionSheetHeaders (0.73.30):
    - glog
    - hermes-engine
    - RCT-Folly (= 2022.05.16.00)
    - React-Core/Default
    - React-cxxreact
    - React-hermes
    - React-jsi
    - React-jsiexecutor
    - React-perflogger
    - React-runtimescheduler
    - React-utils
    - SocketRocket (= 0.7.0)
    - Yoga
  - React-Core/RCTAnimationHeaders (0.73.30):
    - glog
    - hermes-engine
    - RCT-Folly (= 2022.05.16.00)
    - React-Core/Default
    - React-cxxreact
    - React-hermes
    - React-jsi
    - React-jsiexecutor
    - React-perflogger
    - React-runtimescheduler
    - React-utils
    - SocketRocket (= 0.7.0)
    - Yoga
  - React-Core/RCTBlobHeaders (0.73.30):
    - glog
    - hermes-engine
    - RCT-Folly (= 2022.05.16.00)
    - React-Core/Default
    - React-cxxreact
    - React-hermes
    - React-jsi
    - React-jsiexecutor
    - React-perflogger
    - React-runtimescheduler
    - React-utils
    - SocketRocket (= 0.7.0)
    - Yoga
  - React-Core/RCTImageHeaders (0.73.30):
    - glog
    - hermes-engine
    - RCT-Folly (= 2022.05.16.00)
    - React-Core/Default
    - React-cxxreact
    - React-hermes
    - React-jsi
    - React-jsiexecutor
    - React-perflogger
    - React-runtimescheduler
    - React-utils
    - SocketRocket (= 0.7.0)
    - Yoga
  - React-Core/RCTLinkingHeaders (0.73.30):
    - glog
    - hermes-engine
    - RCT-Folly (= 2022.05.16.00)
    - React-Core/Default
    - React-cxxreact
    - React-hermes
    - React-jsi
    - React-jsiexecutor
    - React-perflogger
    - React-runtimescheduler
    - React-utils
    - SocketRocket (= 0.7.0)
    - Yoga
  - React-Core/RCTNetworkHeaders (0.73.30):
    - glog
    - hermes-engine
    - RCT-Folly (= 2022.05.16.00)
    - React-Core/Default
    - React-cxxreact
    - React-hermes
    - React-jsi
    - React-jsiexecutor
    - React-perflogger
    - React-runtimescheduler
    - React-utils
    - SocketRocket (= 0.7.0)
    - Yoga
  - React-Core/RCTSettingsHeaders (0.73.30):
    - glog
    - hermes-engine
    - RCT-Folly (= 2022.05.16.00)
    - React-Core/Default
    - React-cxxreact
    - React-hermes
    - React-jsi
    - React-jsiexecutor
    - React-perflogger
    - React-runtimescheduler
    - React-utils
    - SocketRocket (= 0.7.0)
    - Yoga
  - React-Core/RCTTextHeaders (0.73.30):
    - glog
    - hermes-engine
    - RCT-Folly (= 2022.05.16.00)
    - React-Core/Default
    - React-cxxreact
    - React-hermes
    - React-jsi
    - React-jsiexecutor
    - React-perflogger
    - React-runtimescheduler
    - React-utils
    - SocketRocket (= 0.7.0)
    - Yoga
  - React-Core/RCTVibrationHeaders (0.73.30):
    - glog
    - hermes-engine
    - RCT-Folly (= 2022.05.16.00)
    - React-Core/Default
    - React-cxxreact
    - React-hermes
    - React-jsi
    - React-jsiexecutor
    - React-perflogger
    - React-runtimescheduler
    - React-utils
    - SocketRocket (= 0.7.0)
    - Yoga
  - React-Core/RCTWebSocket (0.73.30):
    - glog
    - hermes-engine
    - RCT-Folly (= 2022.05.16.00)
    - React-Core/Default (= 0.73.30)
    - React-cxxreact
    - React-hermes
    - React-jsi
    - React-jsiexecutor
    - React-perflogger
    - React-runtimescheduler
    - React-utils
    - SocketRocket (= 0.7.0)
    - Yoga
  - React-CoreModules (0.73.30):
    - RCT-Folly (= 2022.05.16.00)
    - RCTTypeSafety (= 0.73.30)
    - React-Codegen
    - React-Core/CoreModulesHeaders (= 0.73.30)
    - React-jsi (= 0.73.30)
    - React-NativeModulesApple
    - React-RCTBlob
    - React-RCTImage (= 0.73.30)
    - ReactCommon
    - SocketRocket (= 0.7.0)
  - React-cxxreact (0.73.30):
    - boost (= 1.83.0)
    - DoubleConversion
    - fmt (= 9.1.0)
    - glog
    - hermes-engine
    - RCT-Folly (= 2022.05.16.00)
    - React-callinvoker (= 0.73.30)
    - React-debug (= 0.73.30)
    - React-jsi (= 0.73.30)
    - React-jsinspector (= 0.73.30)
    - React-logger (= 0.73.30)
    - React-perflogger (= 0.73.30)
    - React-runtimeexecutor (= 0.73.30)
  - React-debug (0.73.30)
  - React-Fabric (0.73.30):
    - DoubleConversion
    - fmt (= 9.1.0)
    - glog
    - hermes-engine
    - RCT-Folly/Fabric (= 2022.05.16.00)
    - RCTRequired
    - RCTTypeSafety
    - React-Core
    - React-cxxreact
    - React-debug
    - React-Fabric/animations (= 0.73.30)
    - React-Fabric/attributedstring (= 0.73.30)
    - React-Fabric/componentregistry (= 0.73.30)
    - React-Fabric/componentregistrynative (= 0.73.30)
    - React-Fabric/components (= 0.73.30)
    - React-Fabric/core (= 0.73.30)
    - React-Fabric/imagemanager (= 0.73.30)
    - React-Fabric/leakchecker (= 0.73.30)
    - React-Fabric/mounting (= 0.73.30)
    - React-Fabric/scheduler (= 0.73.30)
    - React-Fabric/telemetry (= 0.73.30)
    - React-Fabric/templateprocessor (= 0.73.30)
    - React-Fabric/textlayoutmanager (= 0.73.30)
    - React-Fabric/uimanager (= 0.73.30)
    - React-graphics
    - React-jsi
    - React-jsiexecutor
    - React-logger
    - React-rendererdebug
    - React-runtimescheduler
    - React-utils
    - ReactCommon/turbomodule/core
  - React-Fabric/animations (0.73.30):
    - DoubleConversion
    - fmt (= 9.1.0)
    - glog
    - hermes-engine
    - RCT-Folly/Fabric (= 2022.05.16.00)
    - RCTRequired
    - RCTTypeSafety
    - React-Core
    - React-cxxreact
    - React-debug
    - React-graphics
    - React-jsi
    - React-jsiexecutor
    - React-logger
    - React-rendererdebug
    - React-runtimescheduler
    - React-utils
    - ReactCommon/turbomodule/core
  - React-Fabric/attributedstring (0.73.30):
    - DoubleConversion
    - fmt (= 9.1.0)
    - glog
    - hermes-engine
    - RCT-Folly/Fabric (= 2022.05.16.00)
    - RCTRequired
    - RCTTypeSafety
    - React-Core
    - React-cxxreact
    - React-debug
    - React-graphics
    - React-jsi
    - React-jsiexecutor
    - React-logger
    - React-rendererdebug
    - React-runtimescheduler
    - React-utils
    - ReactCommon/turbomodule/core
  - React-Fabric/componentregistry (0.73.30):
    - DoubleConversion
    - fmt (= 9.1.0)
    - glog
    - hermes-engine
    - RCT-Folly/Fabric (= 2022.05.16.00)
    - RCTRequired
    - RCTTypeSafety
    - React-Core
    - React-cxxreact
    - React-debug
    - React-graphics
    - React-jsi
    - React-jsiexecutor
    - React-logger
    - React-rendererdebug
    - React-runtimescheduler
    - React-utils
    - ReactCommon/turbomodule/core
  - React-Fabric/componentregistrynative (0.73.30):
    - DoubleConversion
    - fmt (= 9.1.0)
    - glog
    - hermes-engine
    - RCT-Folly/Fabric (= 2022.05.16.00)
    - RCTRequired
    - RCTTypeSafety
    - React-Core
    - React-cxxreact
    - React-debug
    - React-graphics
    - React-jsi
    - React-jsiexecutor
    - React-logger
    - React-rendererdebug
    - React-runtimescheduler
    - React-utils
    - ReactCommon/turbomodule/core
  - React-Fabric/components (0.73.30):
    - DoubleConversion
    - fmt (= 9.1.0)
    - glog
    - hermes-engine
    - RCT-Folly/Fabric (= 2022.05.16.00)
    - RCTRequired
    - RCTTypeSafety
    - React-Core
    - React-cxxreact
    - React-debug
    - React-Fabric/components/inputaccessory (= 0.73.30)
    - React-Fabric/components/legacyviewmanagerinterop (= 0.73.30)
    - React-Fabric/components/modal (= 0.73.30)
    - React-Fabric/components/rncore (= 0.73.30)
    - React-Fabric/components/root (= 0.73.30)
    - React-Fabric/components/safeareaview (= 0.73.30)
    - React-Fabric/components/scrollview (= 0.73.30)
    - React-Fabric/components/text (= 0.73.30)
    - React-Fabric/components/textinput (= 0.73.30)
    - React-Fabric/components/unimplementedview (= 0.73.30)
    - React-Fabric/components/view (= 0.73.30)
    - React-graphics
    - React-jsi
    - React-jsiexecutor
    - React-logger
    - React-rendererdebug
    - React-runtimescheduler
    - React-utils
    - ReactCommon/turbomodule/core
  - React-Fabric/components/inputaccessory (0.73.30):
    - DoubleConversion
    - fmt (= 9.1.0)
    - glog
    - hermes-engine
    - RCT-Folly/Fabric (= 2022.05.16.00)
    - RCTRequired
    - RCTTypeSafety
    - React-Core
    - React-cxxreact
    - React-debug
    - React-graphics
    - React-jsi
    - React-jsiexecutor
    - React-logger
    - React-rendererdebug
    - React-runtimescheduler
    - React-utils
    - ReactCommon/turbomodule/core
  - React-Fabric/components/legacyviewmanagerinterop (0.73.30):
    - DoubleConversion
    - fmt (= 9.1.0)
    - glog
    - hermes-engine
    - RCT-Folly/Fabric (= 2022.05.16.00)
    - RCTRequired
    - RCTTypeSafety
    - React-Core
    - React-cxxreact
    - React-debug
    - React-graphics
    - React-jsi
    - React-jsiexecutor
    - React-logger
    - React-rendererdebug
    - React-runtimescheduler
    - React-utils
    - ReactCommon/turbomodule/core
  - React-Fabric/components/modal (0.73.30):
    - DoubleConversion
    - fmt (= 9.1.0)
    - glog
    - hermes-engine
    - RCT-Folly/Fabric (= 2022.05.16.00)
    - RCTRequired
    - RCTTypeSafety
    - React-Core
    - React-cxxreact
    - React-debug
    - React-graphics
    - React-jsi
    - React-jsiexecutor
    - React-logger
    - React-rendererdebug
    - React-runtimescheduler
    - React-utils
    - ReactCommon/turbomodule/core
  - React-Fabric/components/rncore (0.73.30):
    - DoubleConversion
    - fmt (= 9.1.0)
    - glog
    - hermes-engine
    - RCT-Folly/Fabric (= 2022.05.16.00)
    - RCTRequired
    - RCTTypeSafety
    - React-Core
    - React-cxxreact
    - React-debug
    - React-graphics
    - React-jsi
    - React-jsiexecutor
    - React-logger
    - React-rendererdebug
    - React-runtimescheduler
    - React-utils
    - ReactCommon/turbomodule/core
  - React-Fabric/components/root (0.73.30):
    - DoubleConversion
    - fmt (= 9.1.0)
    - glog
    - hermes-engine
    - RCT-Folly/Fabric (= 2022.05.16.00)
    - RCTRequired
    - RCTTypeSafety
    - React-Core
    - React-cxxreact
    - React-debug
    - React-graphics
    - React-jsi
    - React-jsiexecutor
    - React-logger
    - React-rendererdebug
    - React-runtimescheduler
    - React-utils
    - ReactCommon/turbomodule/core
  - React-Fabric/components/safeareaview (0.73.30):
    - DoubleConversion
    - fmt (= 9.1.0)
    - glog
    - hermes-engine
    - RCT-Folly/Fabric (= 2022.05.16.00)
    - RCTRequired
    - RCTTypeSafety
    - React-Core
    - React-cxxreact
    - React-debug
    - React-graphics
    - React-jsi
    - React-jsiexecutor
    - React-logger
    - React-rendererdebug
    - React-runtimescheduler
    - React-utils
    - ReactCommon/turbomodule/core
  - React-Fabric/components/scrollview (0.73.30):
    - DoubleConversion
    - fmt (= 9.1.0)
    - glog
    - hermes-engine
    - RCT-Folly/Fabric (= 2022.05.16.00)
    - RCTRequired
    - RCTTypeSafety
    - React-Core
    - React-cxxreact
    - React-debug
    - React-graphics
    - React-jsi
    - React-jsiexecutor
    - React-logger
    - React-rendererdebug
    - React-runtimescheduler
    - React-utils
    - ReactCommon/turbomodule/core
  - React-Fabric/components/text (0.73.30):
    - DoubleConversion
    - fmt (= 9.1.0)
    - glog
    - hermes-engine
    - RCT-Folly/Fabric (= 2022.05.16.00)
    - RCTRequired
    - RCTTypeSafety
    - React-Core
    - React-cxxreact
    - React-debug
    - React-graphics
    - React-jsi
    - React-jsiexecutor
    - React-logger
    - React-rendererdebug
    - React-runtimescheduler
    - React-utils
    - ReactCommon/turbomodule/core
  - React-Fabric/components/textinput (0.73.30):
    - DoubleConversion
    - fmt (= 9.1.0)
    - glog
    - hermes-engine
    - RCT-Folly/Fabric (= 2022.05.16.00)
    - RCTRequired
    - RCTTypeSafety
    - React-Core
    - React-cxxreact
    - React-debug
    - React-graphics
    - React-jsi
    - React-jsiexecutor
    - React-logger
    - React-rendererdebug
    - React-runtimescheduler
    - React-utils
    - ReactCommon/turbomodule/core
  - React-Fabric/components/unimplementedview (0.73.30):
    - DoubleConversion
    - fmt (= 9.1.0)
    - glog
    - hermes-engine
    - RCT-Folly/Fabric (= 2022.05.16.00)
    - RCTRequired
    - RCTTypeSafety
    - React-Core
    - React-cxxreact
    - React-debug
    - React-graphics
    - React-jsi
    - React-jsiexecutor
    - React-logger
    - React-rendererdebug
    - React-runtimescheduler
    - React-utils
    - ReactCommon/turbomodule/core
  - React-Fabric/components/view (0.73.30):
    - DoubleConversion
    - fmt (= 9.1.0)
    - glog
    - hermes-engine
    - RCT-Folly/Fabric (= 2022.05.16.00)
    - RCTRequired
    - RCTTypeSafety
    - React-Core
    - React-cxxreact
    - React-debug
    - React-graphics
    - React-jsi
    - React-jsiexecutor
    - React-logger
    - React-rendererdebug
    - React-runtimescheduler
    - React-utils
    - ReactCommon/turbomodule/core
    - Yoga
  - React-Fabric/core (0.73.30):
    - DoubleConversion
    - fmt (= 9.1.0)
    - glog
    - hermes-engine
    - RCT-Folly/Fabric (= 2022.05.16.00)
    - RCTRequired
    - RCTTypeSafety
    - React-Core
    - React-cxxreact
    - React-debug
    - React-graphics
    - React-jsi
    - React-jsiexecutor
    - React-logger
    - React-rendererdebug
    - React-runtimescheduler
    - React-utils
    - ReactCommon/turbomodule/core
  - React-Fabric/imagemanager (0.73.30):
    - DoubleConversion
    - fmt (= 9.1.0)
    - glog
    - hermes-engine
    - RCT-Folly/Fabric (= 2022.05.16.00)
    - RCTRequired
    - RCTTypeSafety
    - React-Core
    - React-cxxreact
    - React-debug
    - React-graphics
    - React-jsi
    - React-jsiexecutor
    - React-logger
    - React-rendererdebug
    - React-runtimescheduler
    - React-utils
    - ReactCommon/turbomodule/core
  - React-Fabric/leakchecker (0.73.30):
    - DoubleConversion
    - fmt (= 9.1.0)
    - glog
    - hermes-engine
    - RCT-Folly/Fabric (= 2022.05.16.00)
    - RCTRequired
    - RCTTypeSafety
    - React-Core
    - React-cxxreact
    - React-debug
    - React-graphics
    - React-jsi
    - React-jsiexecutor
    - React-logger
    - React-rendererdebug
    - React-runtimescheduler
    - React-utils
    - ReactCommon/turbomodule/core
  - React-Fabric/mounting (0.73.30):
    - DoubleConversion
    - fmt (= 9.1.0)
    - glog
    - hermes-engine
    - RCT-Folly/Fabric (= 2022.05.16.00)
    - RCTRequired
    - RCTTypeSafety
    - React-Core
    - React-cxxreact
    - React-debug
    - React-graphics
    - React-jsi
    - React-jsiexecutor
    - React-logger
    - React-rendererdebug
    - React-runtimescheduler
    - React-utils
    - ReactCommon/turbomodule/core
  - React-Fabric/scheduler (0.73.30):
    - DoubleConversion
    - fmt (= 9.1.0)
    - glog
    - hermes-engine
    - RCT-Folly/Fabric (= 2022.05.16.00)
    - RCTRequired
    - RCTTypeSafety
    - React-Core
    - React-cxxreact
    - React-debug
    - React-graphics
    - React-jsi
    - React-jsiexecutor
    - React-logger
    - React-rendererdebug
    - React-runtimescheduler
    - React-utils
    - ReactCommon/turbomodule/core
  - React-Fabric/telemetry (0.73.30):
    - DoubleConversion
    - fmt (= 9.1.0)
    - glog
    - hermes-engine
    - RCT-Folly/Fabric (= 2022.05.16.00)
    - RCTRequired
    - RCTTypeSafety
    - React-Core
    - React-cxxreact
    - React-debug
    - React-graphics
    - React-jsi
    - React-jsiexecutor
    - React-logger
    - React-rendererdebug
    - React-runtimescheduler
    - React-utils
    - ReactCommon/turbomodule/core
  - React-Fabric/templateprocessor (0.73.30):
    - DoubleConversion
    - fmt (= 9.1.0)
    - glog
    - hermes-engine
    - RCT-Folly/Fabric (= 2022.05.16.00)
    - RCTRequired
    - RCTTypeSafety
    - React-Core
    - React-cxxreact
    - React-debug
    - React-graphics
    - React-jsi
    - React-jsiexecutor
    - React-logger
    - React-rendererdebug
    - React-runtimescheduler
    - React-utils
    - ReactCommon/turbomodule/core
  - React-Fabric/textlayoutmanager (0.73.30):
    - DoubleConversion
    - fmt (= 9.1.0)
    - glog
    - hermes-engine
    - RCT-Folly/Fabric (= 2022.05.16.00)
    - RCTRequired
    - RCTTypeSafety
    - React-Core
    - React-cxxreact
    - React-debug
    - React-Fabric/uimanager
    - React-graphics
    - React-jsi
    - React-jsiexecutor
    - React-logger
    - React-rendererdebug
    - React-runtimescheduler
    - React-utils
    - ReactCommon/turbomodule/core
  - React-Fabric/uimanager (0.73.30):
    - DoubleConversion
    - fmt (= 9.1.0)
    - glog
    - hermes-engine
    - RCT-Folly/Fabric (= 2022.05.16.00)
    - RCTRequired
    - RCTTypeSafety
    - React-Core
    - React-cxxreact
    - React-debug
    - React-graphics
    - React-jsi
    - React-jsiexecutor
    - React-logger
    - React-rendererdebug
    - React-runtimescheduler
    - React-utils
    - ReactCommon/turbomodule/core
  - React-FabricImage (0.73.30):
    - DoubleConversion
    - fmt (= 9.1.0)
    - glog
    - hermes-engine
    - RCT-Folly/Fabric (= 2022.05.16.00)
    - RCTRequired (= 0.73.30)
    - RCTTypeSafety (= 0.73.30)
    - React-Fabric
    - React-graphics
    - React-ImageManager
    - React-jsi
    - React-jsiexecutor (= 0.73.30)
    - React-logger
    - React-rendererdebug
    - React-utils
    - ReactCommon
    - Yoga
  - React-graphics (0.73.30):
    - glog
    - RCT-Folly/Fabric (= 2022.05.16.00)
    - React-Core/Default (= 0.73.30)
    - React-utils
  - React-hermes (0.73.30):
    - DoubleConversion
    - fmt (= 9.1.0)
    - glog
    - hermes-engine
    - RCT-Folly (= 2022.05.16.00)
    - RCT-Folly/Futures (= 2022.05.16.00)
    - React-cxxreact (= 0.73.30)
    - React-jsi
    - React-jsiexecutor (= 0.73.30)
    - React-jsinspector (= 0.73.30)
    - React-perflogger (= 0.73.30)
  - React-ImageManager (0.73.30):
    - glog
    - RCT-Folly/Fabric
    - React-Core/Default
    - React-debug
    - React-Fabric
    - React-graphics
    - React-rendererdebug
    - React-utils
  - React-jserrorhandler (0.73.30):
    - RCT-Folly/Fabric (= 2022.05.16.00)
    - React-debug
    - React-jsi
    - React-Mapbuffer
  - React-jsi (0.73.30):
    - boost (= 1.83.0)
    - DoubleConversion
    - fmt (= 9.1.0)
    - glog
    - hermes-engine
    - RCT-Folly (= 2022.05.16.00)
  - React-jsiexecutor (0.73.30):
    - DoubleConversion
    - fmt (= 9.1.0)
    - glog
    - hermes-engine
    - RCT-Folly (= 2022.05.16.00)
    - React-cxxreact (= 0.73.30)
    - React-jsi (= 0.73.30)
    - React-perflogger (= 0.73.30)
  - React-jsinspector (0.73.30)
  - React-jsitracing (0.73.30):
    - React-jsi
  - React-logger (0.73.30):
    - glog
  - React-Mapbuffer (0.73.30):
    - glog
    - React-debug
  - React-nativeconfig (0.73.30)
  - React-NativeModulesApple (0.73.30):
    - glog
    - hermes-engine
    - React-callinvoker
    - React-Core
    - React-cxxreact
    - React-jsi
    - React-runtimeexecutor
    - ReactCommon/turbomodule/bridging
    - ReactCommon/turbomodule/core
  - React-perflogger (0.73.30)
  - React-RCTActionSheet (0.73.30):
    - React-Core/RCTActionSheetHeaders (= 0.73.30)
  - React-RCTAnimation (0.73.30):
    - RCT-Folly (= 2022.05.16.00)
    - RCTTypeSafety
    - React-Codegen
    - React-Core/RCTAnimationHeaders
    - React-jsi
    - React-NativeModulesApple
    - ReactCommon
  - React-RCTAppDelegate (0.73.30):
    - RCT-Folly
    - RCTRequired
    - RCTTypeSafety
    - React-Core
    - React-CoreModules
    - React-debug
    - React-Fabric
    - React-graphics
    - React-hermes
    - React-nativeconfig
    - React-NativeModulesApple
    - React-RCTFabric
    - React-RCTImage
    - React-RCTNetwork
    - React-rendererdebug
    - React-RuntimeApple
    - React-RuntimeCore
    - React-RuntimeHermes
    - React-runtimescheduler
    - React-utils
    - ReactCommon
  - React-RCTBlob (0.73.30):
    - hermes-engine
    - RCT-Folly (= 2022.05.16.00)
    - React-Codegen
    - React-Core/RCTBlobHeaders
    - React-Core/RCTWebSocket
    - React-jsi
    - React-NativeModulesApple
    - React-RCTNetwork
    - ReactCommon
  - React-RCTFabric (0.73.30):
    - glog
    - hermes-engine
    - RCT-Folly/Fabric (= 2022.05.16.00)
    - React-Core
    - React-debug
    - React-Fabric
    - React-FabricImage
    - React-graphics
    - React-ImageManager
    - React-jsi
    - React-nativeconfig
    - React-RCTImage
    - React-RCTText
    - React-rendererdebug
    - React-runtimescheduler
    - React-utils
    - Yoga
  - React-RCTImage (0.73.30):
    - RCT-Folly (= 2022.05.16.00)
    - RCTTypeSafety
    - React-Codegen
    - React-Core/RCTImageHeaders
    - React-jsi
    - React-NativeModulesApple
    - React-RCTNetwork
    - ReactCommon
  - React-RCTLinking (0.73.30):
    - React-Codegen
    - React-Core/RCTLinkingHeaders (= 0.73.30)
    - React-jsi (= 0.73.30)
    - React-NativeModulesApple
    - ReactCommon
    - ReactCommon/turbomodule/core (= 0.73.30)
  - React-RCTNetwork (0.73.30):
    - RCT-Folly (= 2022.05.16.00)
    - RCTTypeSafety
    - React-Codegen
    - React-Core/RCTNetworkHeaders
    - React-jsi
    - React-NativeModulesApple
    - ReactCommon
  - React-RCTSettings (0.73.30):
    - RCT-Folly (= 2022.05.16.00)
    - RCTTypeSafety
    - React-Codegen
    - React-Core/RCTSettingsHeaders
    - React-jsi
    - React-NativeModulesApple
    - ReactCommon
  - React-RCTText (0.73.30):
    - React-Core/RCTTextHeaders (= 0.73.30)
    - Yoga
  - React-RCTVibration (0.73.30):
    - RCT-Folly (= 2022.05.16.00)
    - React-Codegen
    - React-Core/RCTVibrationHeaders
    - React-jsi
    - React-NativeModulesApple
    - ReactCommon
  - React-rendererdebug (0.73.30):
    - DoubleConversion
    - fmt (= 9.1.0)
    - RCT-Folly (= 2022.05.16.00)
    - React-debug
  - React-rncore (0.73.30)
  - React-RuntimeApple (0.73.30):
    - hermes-engine
    - RCT-Folly/Fabric (= 2022.05.16.00)
    - React-callinvoker
    - React-Core/Default
    - React-CoreModules
    - React-cxxreact
    - React-jserrorhandler
    - React-jsi
    - React-jsiexecutor
    - React-Mapbuffer
    - React-NativeModulesApple
    - React-RCTFabric
    - React-RuntimeCore
    - React-runtimeexecutor
    - React-RuntimeHermes
    - React-utils
  - React-RuntimeCore (0.73.30):
    - glog
    - hermes-engine
    - RCT-Folly/Fabric (= 2022.05.16.00)
    - React-cxxreact
    - React-jserrorhandler
    - React-jsi
    - React-jsiexecutor
    - React-runtimeexecutor
    - React-runtimescheduler
  - React-runtimeexecutor (0.73.30):
    - React-jsi (= 0.73.30)
  - React-RuntimeHermes (0.73.30):
    - hermes-engine
    - RCT-Folly/Fabric (= 2022.05.16.00)
    - React-hermes
    - React-jsi
    - React-jsitracing
    - React-nativeconfig
    - React-utils
  - React-runtimescheduler (0.73.30):
    - glog
    - hermes-engine
    - RCT-Folly (= 2022.05.16.00)
    - React-callinvoker
    - React-cxxreact
    - React-debug
    - React-jsi
    - React-rendererdebug
    - React-runtimeexecutor
    - React-utils
  - React-utils (0.73.30):
    - glog
    - RCT-Folly (= 2022.05.16.00)
    - React-debug
  - ReactCommon (0.73.30):
    - React-logger (= 0.73.30)
    - ReactCommon/turbomodule (= 0.73.30)
  - ReactCommon/turbomodule (0.73.30):
    - DoubleConversion
    - fmt (= 9.1.0)
    - glog
    - hermes-engine
    - RCT-Folly (= 2022.05.16.00)
    - React-callinvoker (= 0.73.30)
    - React-cxxreact (= 0.73.30)
    - React-jsi (= 0.73.30)
    - React-logger (= 0.73.30)
    - React-perflogger (= 0.73.30)
    - ReactCommon/turbomodule/bridging (= 0.73.30)
    - ReactCommon/turbomodule/core (= 0.73.30)
  - ReactCommon/turbomodule/bridging (0.73.30):
    - DoubleConversion
    - fmt (= 9.1.0)
    - glog
    - hermes-engine
    - RCT-Folly (= 2022.05.16.00)
    - React-callinvoker (= 0.73.30)
    - React-cxxreact (= 0.73.30)
    - React-jsi (= 0.73.30)
    - React-logger (= 0.73.30)
    - React-perflogger (= 0.73.30)
  - ReactCommon/turbomodule/core (0.73.30):
    - DoubleConversion
    - fmt (= 9.1.0)
    - glog
    - hermes-engine
    - RCT-Folly (= 2022.05.16.00)
    - React-callinvoker (= 0.73.30)
    - React-cxxreact (= 0.73.30)
    - React-jsi (= 0.73.30)
    - React-logger (= 0.73.30)
    - React-perflogger (= 0.73.30)
  - ReactNativeHost (0.4.9):
    - glog
    - hermes-engine
    - RCT-Folly (= 2022.05.16.00)
    - RCTRequired
    - RCTTypeSafety
    - React-Codegen
    - React-Core
    - React-cxxreact
    - React-debug
    - React-Fabric
    - React-graphics
    - React-ImageManager
    - React-NativeModulesApple
    - React-RCTAppDelegate
    - React-RCTFabric
    - React-rendererdebug
    - React-utils
    - ReactCommon/turbomodule/bridging
    - ReactCommon/turbomodule/core
    - Yoga
  - ReactTestApp-DevSupport (3.7.3):
    - React-Core
    - React-jsi
  - ReactTestApp-Resources (1.0.0-dev)
  - RNGoogleSignin (15.1.1):
    - glog
    - GoogleSignIn (~> 7.1)
    - hermes-engine
    - RCT-Folly (= 2022.05.16.00)
    - RCTRequired
    - RCTTypeSafety
    - React-Codegen
    - React-Core
    - React-debug
    - React-Fabric
    - React-graphics
    - React-ImageManager
    - React-NativeModulesApple
    - React-RCTFabric
    - React-rendererdebug
    - React-utils
    - ReactCommon/turbomodule/bridging
    - ReactCommon/turbomodule/core
    - Yoga
  - SocketRocket (0.7.0)
  - Yoga (1.14.0)

DEPENDENCIES:
  - boost (from `../../node_modules/react-native-macos/third-party-podspecs/boost.podspec`)
  - DoubleConversion (from `../../node_modules/react-native-macos/third-party-podspecs/DoubleConversion.podspec`)
  - FBLazyVector (from `../../node_modules/react-native-macos/Libraries/FBLazyVector`)
  - fmt (from `../../node_modules/react-native-macos/third-party-podspecs/fmt.podspec`)
  - glog (from `../../node_modules/react-native-macos/third-party-podspecs/glog.podspec`)
  - hermes-engine (from `../../node_modules/react-native-macos/sdks/hermes-engine/hermes-engine.podspec`)
  - libevent (~> 2.1.12)
  - RCT-Folly (from `../../node_modules/react-native-macos/third-party-podspecs/RCT-Folly.podspec`)
  - RCT-Folly/Fabric (from `../../node_modules/react-native-macos/third-party-podspecs/RCT-Folly.podspec`)
  - RCTRequired (from `../../node_modules/react-native-macos/Libraries/RCTRequired`)
  - RCTTypeSafety (from `../../node_modules/react-native-macos/Libraries/TypeSafety`)
  - React (from `../../node_modules/react-native-macos/`)
  - React-callinvoker (from `../../node_modules/react-native-macos/ReactCommon/callinvoker`)
  - React-Codegen (from `build/generated/ios`)
  - React-Core (from `../../node_modules/react-native-macos/`)
  - React-Core/RCTWebSocket (from `../../node_modules/react-native-macos/`)
  - React-CoreModules (from `../../node_modules/react-native-macos/React/CoreModules`)
  - React-cxxreact (from `../../node_modules/react-native-macos/ReactCommon/cxxreact`)
  - React-debug (from `../../node_modules/react-native-macos/ReactCommon/react/debug`)
  - React-Fabric (from `../../node_modules/react-native-macos/ReactCommon`)
  - React-FabricImage (from `../../node_modules/react-native-macos/ReactCommon`)
  - React-graphics (from `../../node_modules/react-native-macos/ReactCommon/react/renderer/graphics`)
  - React-hermes (from `../../node_modules/react-native-macos/ReactCommon/hermes`)
  - React-ImageManager (from `../../node_modules/react-native-macos/ReactCommon/react/renderer/imagemanager/platform/ios`)
  - React-jserrorhandler (from `../../node_modules/react-native-macos/ReactCommon/jserrorhandler`)
  - React-jsi (from `../../node_modules/react-native-macos/ReactCommon/jsi`)
  - React-jsiexecutor (from `../../node_modules/react-native-macos/ReactCommon/jsiexecutor`)
  - React-jsinspector (from `../../node_modules/react-native-macos/ReactCommon/jsinspector-modern`)
  - React-jsitracing (from `../../node_modules/react-native-macos/ReactCommon/hermes/executor/`)
  - React-logger (from `../../node_modules/react-native-macos/ReactCommon/logger`)
  - React-Mapbuffer (from `../../node_modules/react-native-macos/ReactCommon`)
  - React-nativeconfig (from `../../node_modules/react-native-macos/ReactCommon`)
  - React-NativeModulesApple (from `../../node_modules/react-native-macos/ReactCommon/react/nativemodule/core/platform/ios`)
  - React-perflogger (from `../../node_modules/react-native-macos/ReactCommon/reactperflogger`)
  - React-RCTActionSheet (from `../../node_modules/react-native-macos/Libraries/ActionSheetIOS`)
  - React-RCTAnimation (from `../../node_modules/react-native-macos/Libraries/NativeAnimation`)
  - React-RCTAppDelegate (from `../../node_modules/react-native-macos/Libraries/AppDelegate`)
  - React-RCTBlob (from `../../node_modules/react-native-macos/Libraries/Blob`)
  - React-RCTFabric (from `../../node_modules/react-native-macos/React`)
  - React-RCTImage (from `../../node_modules/react-native-macos/Libraries/Image`)
  - React-RCTLinking (from `../../node_modules/react-native-macos/Libraries/LinkingIOS`)
  - React-RCTNetwork (from `../../node_modules/react-native-macos/Libraries/Network`)
  - React-RCTSettings (from `../../node_modules/react-native-macos/Libraries/Settings`)
  - React-RCTText (from `../../node_modules/react-native-macos/Libraries/Text`)
  - React-RCTVibration (from `../../node_modules/react-native-macos/Libraries/Vibration`)
  - React-rendererdebug (from `../../node_modules/react-native-macos/ReactCommon/react/renderer/debug`)
  - React-rncore (from `../../node_modules/react-native-macos/ReactCommon`)
  - React-RuntimeApple (from `../../node_modules/react-native-macos/ReactCommon/react/runtime/platform/ios`)
  - React-RuntimeCore (from `../../node_modules/react-native-macos/ReactCommon/react/runtime`)
  - React-runtimeexecutor (from `../../node_modules/react-native-macos/ReactCommon/runtimeexecutor`)
  - React-RuntimeHermes (from `../../node_modules/react-native-macos/ReactCommon/react/runtime`)
  - React-runtimescheduler (from `../../node_modules/react-native-macos/ReactCommon/react/renderer/runtimescheduler`)
  - React-utils (from `../../node_modules/react-native-macos/ReactCommon/react/utils`)
  - ReactCommon/turbomodule/core (from `../../node_modules/react-native-macos/ReactCommon`)
  - "ReactNativeHost (from `../../node_modules/@rnx-kit/react-native-host`)"
  - ReactTestApp-DevSupport (from `../../node_modules/react-native-test-app`)
  - ReactTestApp-Resources (from `..`)
  - RNGoogleSignin (from `../..`)
  - SocketRocket (from `../../node_modules/react-native-macos/third-party-podspecs/SocketRocket.podspec`)
  - Yoga (from `../../node_modules/react-native-macos/ReactCommon/yoga`)

SPEC REPOS:
  trunk:
    - AppAuth
    - GoogleSignIn
    - GTMAppAuth
    - GTMSessionFetcher
    - libevent

EXTERNAL SOURCES:
  boost:
    :podspec: "../../node_modules/react-native-macos/third-party-podspecs/boost.podspec"
  DoubleConversion:
    :podspec: "../../node_modules/react-native-macos/third-party-podspecs/DoubleConversion.podspec"
  FBLazyVector:
    :path: "../../node_modules/react-native-macos/Libraries/FBLazyVector"
  fmt:
    :podspec: "../../node_modules/react-native-macos/third-party-podspecs/fmt.podspec"
  glog:
    :podspec: "../../node_modules/react-native-macos/third-party-podspecs/glog.podspec"
  hermes-engine:
    :podspec: "../../node_modules/react-native-macos/sdks/hermes-engine/hermes-engine.podspec"
    :tag: hermes-2024-04-29-RNv0.73.8-644c8be78af1eae7c138fa4093fb87f0f4f8db85
  RCT-Folly:
    :podspec: "../../node_modules/react-native-macos/third-party-podspecs/RCT-Folly.podspec"
  RCTRequired:
    :path: "../../node_modules/react-native-macos/Libraries/RCTRequired"
  RCTTypeSafety:
    :path: "../../node_modules/react-native-macos/Libraries/TypeSafety"
  React:
    :path: "../../node_modules/react-native-macos/"
  React-callinvoker:
    :path: "../../node_modules/react-native-macos/ReactCommon/callinvoker"
  React-Codegen:
    :path: build/generated/ios
  React-Core:
    :path: "../../node_modules/react-native-macos/"
  React-CoreModules:
    :path: "../../node_modules/react-native-macos/React/CoreModules"
  React-cxxreact:
    :path: "../../node_modules/react-native-macos/ReactCommon/cxxreact"
  React-debug:
    :path: "../../node_modules/react-native-macos/ReactCommon/react/debug"
  React-Fabric:
    :path: "../../node_modules/react-native-macos/ReactCommon"
  React-FabricImage:
    :path: "../../node_modules/react-native-macos/ReactCommon"
  React-graphics:
    :path: "../../node_modules/react-native-macos/ReactCommon/react/renderer/graphics"
  React-hermes:
    :path: "../../node_modules/react-native-macos/ReactCommon/hermes"
  React-ImageManager:
    :path: "../../node_modules/react-native-macos/ReactCommon/react/renderer/imagemanager/platform/ios"
  React-jserrorhandler:
    :path: "../../node_modules/react-native-macos/ReactCommon/jserrorhandler"
  React-jsi:
    :path: "../../node_modules/react-native-macos/ReactCommon/jsi"
  React-jsiexecutor:
    :path: "../../node_modules/react-native-macos/ReactCommon/jsiexecutor"
  React-jsinspector:
    :path: "../../node_modules/react-native-macos/ReactCommon/jsinspector-modern"
  React-jsitracing:
    :path: "../../node_modules/react-native-macos/ReactCommon/hermes/executor/"
  React-logger:
    :path: "../../node_modules/react-native-macos/ReactCommon/logger"
  React-Mapbuffer:
    :path: "../../node_modules/react-native-macos/ReactCommon"
  React-nativeconfig:
    :path: "../../node_modules/react-native-macos/ReactCommon"
  React-NativeModulesApple:
    :path: "../../node_modules/react-native-macos/ReactCommon/react/nativemodule/core/platform/ios"
  React-perflogger:
    :path: "../../node_modules/react-native-macos/ReactCommon/reactperflogger"
  React-RCTActionSheet:
    :path: "../../node_modules/react-native-macos/Libraries/ActionSheetIOS"
  React-RCTAnimation:
    :path: "../../node_modules/react-native-macos/Libraries/NativeAnimation"
  React-RCTAppDelegate:
    :path: "../../node_modules/react-native-macos/Libraries/AppDelegate"
  React-RCTBlob:
    :path: "../../node_modules/react-native-macos/Libraries/Blob"
  React-RCTFabric:
    :path: "../../node_modules/react-native-macos/React"
  React-RCTImage:
    :path: "../../node_modules/react-native-macos/Libraries/Image"
  React-RCTLinking:
    :path: "../../node_modules/react-native-macos/Libraries/LinkingIOS"
  React-RCTNetwork:
    :path: "../../node_modules/react-native-macos/Libraries/Network"
  React-RCTSettings:
    :path: "../../node_modules/react-native-macos/Libraries/Settings"
  React-RCTText:
    :path: "../../node_modules/react-native-macos/Libraries/Text"
  React-RCTVibration:
    :path: "../../node_modules/react-native-macos/Libraries/Vibration"
  React-rendererdebug:
    :path: "../../node_modules/react-native-macos/ReactCommon/react/renderer/debug"
  React-rncore:
    :path: "../../node_modules/react-native-macos/ReactCommon"
  React-RuntimeApple:
    :path: "../../node_modules/react-native-macos/ReactCommon/react/runtime/platform/ios"
  React-RuntimeCore:
    :path: "../../node_modules/react-native-macos/ReactCommon/react/runtime"
  React-runtimeexecutor:
    :path: "../../node_modules/react-native-macos/ReactCommon/runtimeexecutor"
  React-RuntimeHermes:
    :path: "../../node_modules/react-native-macos/ReactCommon/react/runtime"
  React-runtimescheduler:
    :path: "../../node_modules/react-native-macos/ReactCommon/react/renderer/runtimescheduler"
  React-utils:
    :path: "../../node_modules/react-native-macos/ReactCommon/react/utils"
  ReactCommon:
    :path: "../../node_modules/react-native-macos/ReactCommon"
  ReactNativeHost:
    :path: "../../node_modules/@rnx-kit/react-native-host"
  ReactTestApp-DevSupport:
    :path: "../../node_modules/react-native-test-app"
  ReactTestApp-Resources:
    :path: ".."
  RNGoogleSignin:
    :path: "../.."
  SocketRocket:
    :podspec: "../../node_modules/react-native-macos/third-party-podspecs/SocketRocket.podspec"
  Yoga:
    :path: "../../node_modules/react-native-macos/ReactCommon/yoga"

SPEC CHECKSUMS:
  AppAuth: 501c04eda8a8d11f179dbe8637b7a91bb7e5d2fa
  boost: 0686b6af8cbd638c784fea5afb789be66699823c
  DoubleConversion: ca54355f8932558971f6643521d62b9bc8231cee
  FBLazyVector: 5981004c1cac55fb8cbb8cf382a6c0febdf383f3
  fmt: 03574da4b7ba40de39da59677ca66610ce8c4a02
  glog: 3a72874c0322c7caf24931d3a2777cb7a3090529
  GoogleSignIn: d4281ab6cf21542b1cfaff85c191f230b399d2db
  GTMAppAuth: f69bd07d68cd3b766125f7e072c45d7340dea0de
  GTMSessionFetcher: 8000756fc1c19d2e5697b90311f7832d2e33f6cd
  hermes-engine: b12d9bb1b7cee546f5e48212e7ea7e3c1665a367
  libevent: 4049cae6c81cdb3654a443be001fb9bdceff7913
  RCT-Folly: 68e9c0fd4c0f05964afd447041d3ac2d67298f27
  RCTRequired: 1b6c0e7675125f5e1ef771761dd74ed63f88f549
  RCTTypeSafety: eebab76bd904f62b5101791a33e534d5183038db
  React: c4ad79ac16d6ef8cf5604c9ea1e53907eb5531ab
  React-callinvoker: 912c1a42cdca6d1615770ff0c0fabeccbc1d982f
  React-Codegen: b4048034818de0be3996268421764b70d6fb608d
  React-Core: 161600554f9a55f88f9689c01324af7db2d941b6
  React-CoreModules: dfafc47e8efbca7f471f4c99b783ee3505021839
  React-cxxreact: b550108964db19bc4e3bfe05c97701d1eddcadb9
  React-debug: 1f3b283cb7d8496e46382c14425801a385d7614a
  React-Fabric: 36a9a98f86c1d251495b501f81095838c08f25d9
  React-FabricImage: 4d48e93ff65672445f91bd64f4a2b3f3013215f3
  React-graphics: 98f58dd8d93eb3d4ef4723f81569cbaf1849be25
  React-hermes: de394777bce2c882933ab9547049f756de3c62b8
  React-ImageManager: 1ea0399b5c153333c0aab5098b53cb0357ab2ceb
  React-jserrorhandler: a6795fe0b5b53a456023593b58a8e471a9ecfb81
  React-jsi: b1fec75580682ddf9dcd9e84ac8d91b6bdebe85f
  React-jsiexecutor: 24c76dc6743698748903d4b06f946f9f4e84b044
  React-jsinspector: 65138cb9e3b9ea8bc46cb6a55e56cb7109b201de
  React-jsitracing: b83e28b5e7af20f7e481f803ff96754f12821d14
  React-logger: 77769db76b5437661dde25747d60677cef9d5c95
  React-Mapbuffer: 62493907a7a7907d545a76864d8f57669cdee21b
  React-nativeconfig: a4a2766d853a32c6bef2deabc430c440fa3b3ee4
  React-NativeModulesApple: 4b712686465c4c8232cea61ea2d6e76b17642042
  React-perflogger: c3a92408f3514a2232af76392d7a83f158e8b4c3
  React-RCTActionSheet: af3b5c62e6250da74999405ea0607a5ec15a5153
  React-RCTAnimation: 6699a4436e507a9e33e10e49e7ae6795b160be13
  React-RCTAppDelegate: ba8ef521255afc54e37823ca4a87261120228bb0
  React-RCTBlob: 72b0e392cc3969775147105e5c713d592bb7a3e6
  React-RCTFabric: 258cd61f6f0bc898030a30cf755a2ec700d4abc5
  React-RCTImage: 0fd2671924a6ba1667e204a02c33f976aa01c503
  React-RCTLinking: 2bb5fb33068e89bb35846e890901387a2034e1ac
  React-RCTNetwork: c2af23635445efe9bdb3a8eb2efe56f12f8765f3
  React-RCTSettings: c1a3cff1a072ae97f87ccf1a3fb9659081d2e032
  React-RCTText: 8d88de32b5552dd7ea5da16c334fc950759ea8f4
  React-RCTVibration: 13531070a14a6051d64c8132c3b46fdc7a323abd
  React-rendererdebug: 72fb11ebecda3b9b4be35df34de0009e3764568b
  React-rncore: d0bd56b3d7a5096bf6961606c94008b5faefe2bf
  React-RuntimeApple: 576dbbaf9f04cb349742ad32e3dc92bf94cc0cae
  React-RuntimeCore: 1c0a69b79e83c9b532b51f483ddab7b4c9c5abe6
  React-runtimeexecutor: acfe59a8a332ca196579458b4c9de57fd36f8c99
  React-RuntimeHermes: a868d95f2762b526f149b2c2f6bc72790928c8bd
  React-runtimescheduler: 560195b3dd6eefbcbe5aaf8ef41e899fd97c7164
  React-utils: cad31b38051b5d68c71fbf8897741075fe6c7e66
  ReactCommon: 13bb5659bf6d82a9cecd9b2b418e99ba40e4a4f1
  ReactNativeHost: 05cdf11f8fe7df2926fd216e3a421cde29f9fbfe
  ReactTestApp-DevSupport: 9052e9a0ba3a96a3cc574ee66c7b6089ee76b341
  ReactTestApp-Resources: a470a3461a461a326157085205702c9a4606a3ea
  RNGoogleSignin: 244e796916f0fa634db5d18e9df7fa77d5d33068
  SocketRocket: f6c6249082c011e6de2de60ed641ef8bbe0cfac9
  Yoga: 9beedd0c2748cf1d84279f1048486732ee1cb225

PODFILE CHECKSUM: c7293e9cdfd426106eab128fde6385fc45fd393f

COCOAPODS: 1.15.2
